
Microsoft Visual Studio Solution File, Format Version 12.00
# Visual Studio Version 17
VisualStudioVersion = 17.9.34728.123
MinimumVisualStudioVersion = 10.0.40219.1
Project("{8BC9CEB8-8B4A-11D0-8D11-00A0C91BC942}") = "ASCII-Donut-CUDA", "ASCII-Donut-CUDA.vcxproj", "{B9BD9993-FA2F-492C-B122-9A32DB45BC75}"
EndProject
Global
	GlobalSection(SolutionConfigurationPlatforms) = preSolution
		Debug|x64 = Debug|x64
		Release|x64 = Release|x64
	EndGlobalSection
	GlobalSection(ProjectConfigurationPlatforms) = postSolution
		{B9BD9993-FA2F-492C-B122-9A32DB45BC75}.Debug|x64.ActiveCfg = Debug|x64
		{B9BD9993-FA2F-492C-B122-9A32DB45BC75}.Debug|x64.Build.0 = Debug|x64
		{B9BD9993-FA2F-492C-B122-9A32DB45BC75}.Release|x64.ActiveCfg = Release|x64
		{B9BD9993-FA2F-492C-B122-9A32DB45BC75}.Release|x64.Build.0 = Release|x64
	EndGlobalSection
	GlobalSection(SolutionProperties) = preSolution
		HideSolutionNode = FALSE
	EndGlobalSection
	GlobalSection(ExtensibilityGlobals) = postSolution
		SolutionGuid = {76CB9DC4-9A43-4266-B405-05B4901C6D17}
	EndGlobalSection
EndGlobal
